
Microsoft Visual Studio Solution File, Format Version 12.00
# Visual Studio Version 17
VisualStudioVersion = 17.10.35013.160
MinimumVisualStudioVersion = 10.0.40219.1
Project("{FAE04EC0-301F-11D3-BF4B-00C04F79EFBC}") = "OpenCVTest", "OpenCVTest\OpenCVTest.csproj", "{4AC48060-5ACE-4EF2-B590-F75A2B76B112}"
EndProject
Global
	GlobalSection(SolutionConfigurationPlatforms) = preSolution
		Debug|Any CPU = Debug|Any CPU
		Release|Any CPU = Release|Any CPU
	EndGlobalSection
	GlobalSection(ProjectConfigurationPlatforms) = postSolution
		{4AC48060-5ACE-4EF2-B590-F75A2B76B112}.Debug|Any CPU.ActiveCfg = Debug|Any CPU
		{4AC48060-5ACE-4EF2-B590-F75A2B76B112}.Debug|Any CPU.Build.0 = Debug|Any CPU
		{4AC48060-5ACE-4EF2-B590-F75A2B76B112}.Release|Any CPU.ActiveCfg = Release|Any CPU
		{4AC48060-5ACE-4EF2-B590-F75A2B76B112}.Release|Any CPU.Build.0 = Release|Any CPU
	EndGlobalSection
	GlobalSection(SolutionProperties) = preSolution
		HideSolutionNode = FALSE
	EndGlobalSection
	GlobalSection(ExtensibilityGlobals) = postSolution
		SolutionGuid = {F9464457-D921-49A1-B3E3-DAD0FCFD5D11}
	EndGlobalSection
EndGlobal
